
Microsoft Visual Studio Solution File, Format Version 12.00
# Visual Studio Version 17
VisualStudioVersion = 17.14.36429.23 d17.14
MinimumVisualStudioVersion = 10.0.40219.1
Project("{FAE04EC0-301F-11D3-BF4B-00C04F79EFBC}") = "MyFirstWebAPIProject", "MyFirstWebAPIProject.csproj", "{B5CC3A5E-DB46-4A44-851D-3E0FDA3EF454}"
EndProject
Global
	GlobalSection(SolutionConfigurationPlatforms) = preSolution
		Debug|Any CPU = Debug|Any CPU
		Release|Any CPU = Release|Any CPU
	EndGlobalSection
	GlobalSection(ProjectConfigurationPlatforms) = postSolution
		{B5CC3A5E-DB46-4A44-851D-3E0FDA3EF454}.Debug|Any CPU.ActiveCfg = Debug|Any CPU
		{B5CC3A5E-DB46-4A44-851D-3E0FDA3EF454}.Debug|Any CPU.Build.0 = Debug|Any CPU
		{B5CC3A5E-DB46-4A44-851D-3E0FDA3EF454}.Release|Any CPU.ActiveCfg = Release|Any CPU
		{B5CC3A5E-DB46-4A44-851D-3E0FDA3EF454}.Release|Any CPU.Build.0 = Release|Any CPU
	EndGlobalSection
	GlobalSection(SolutionProperties) = preSolution
		HideSolutionNode = FALSE
	EndGlobalSection
	GlobalSection(ExtensibilityGlobals) = postSolution
		SolutionGuid = {7284D187-2B6F-438E-99A4-7902843756C4}
	EndGlobalSection
EndGlobal
